{
  "name": "@zidon-cli-dev/core",
  "version": "0.0.5",
  "lockfileVersion": 2,
  "requires": true,
  "packages": {
    "": {
      "name": "@zidon-cli-dev/core",
      "version": "0.0.5",
      "license": "ISC",
      "dependencies": {
        "@zidon-cli-dev/utils": "file:../utils"
      },
      "bin": {
        "zidon-cli-dev": "bin/index.js"
      }
    },
    "../utils": {
      "version": "0.0.5",
      "license": "ISC"
    },
    "node_modules/@zidon-cli-dev/utils": {
      "resolved": "../utils",
      "link": true
    }
  },
  "dependencies": {
    "@zidon-cli-dev/utils": {
      "version": "file:../utils"
    }
  }
}
